
Microsoft Visual Studio Solution File, Format Version 12.00
# Visual Studio Version 17
VisualStudioVersion = 17.5.33516.290
MinimumVisualStudioVersion = 10.0.40219.1
Project("{FAE04EC0-301F-11D3-BF4B-00C04F79EFBC}") = "ocr-api-demo", "ocr-api-demo.csproj", "{D7EA093E-0C3F-4BDF-B13F-7CDDFF73868C}"
EndProject
Global
	GlobalSection(SolutionConfigurationPlatforms) = preSolution
		Debug|Any CPU = Debug|Any CPU
		Release|Any CPU = Release|Any CPU
	EndGlobalSection
	GlobalSection(ProjectConfigurationPlatforms) = postSolution
		{D7EA093E-0C3F-4BDF-B13F-7CDDFF73868C}.Debug|Any CPU.ActiveCfg = Debug|Any CPU
		{D7EA093E-0C3F-4BDF-B13F-7CDDFF73868C}.Debug|Any CPU.Build.0 = Debug|Any CPU
		{D7EA093E-0C3F-4BDF-B13F-7CDDFF73868C}.Release|Any CPU.ActiveCfg = Release|Any CPU
		{D7EA093E-0C3F-4BDF-B13F-7CDDFF73868C}.Release|Any CPU.Build.0 = Release|Any CPU
	EndGlobalSection
	GlobalSection(SolutionProperties) = preSolution
		HideSolutionNode = FALSE
	EndGlobalSection
	GlobalSection(ExtensibilityGlobals) = postSolution
		SolutionGuid = {BC611F83-28AE-4721-8081-429C6769031D}
	EndGlobalSection
EndGlobal
